// !$*UTF8*$!
{
	archiveVersion = 1;
	classes = {
	};
	objectVersion = 55;
	objects = {

/* Begin PBXBuildFile section */
		8F7518E627549D62001F05F2 /* AppDelegate.swift in Sources */ = {isa = PBXBuildFile; fileRef = 8F7518E527549D62001F05F2 /* AppDelegate.swift */; };
		8F7518E827549D62001F05F2 /* SceneDelegate.swift in Sources */ = {isa = PBXBuildFile; fileRef = 8F7518E727549D62001F05F2 /* SceneDelegate.swift */; };
		8F7518EA27549D62001F05F2 /* ViewController.swift in Sources */ = {isa = PBXBuildFile; fileRef = 8F7518E927549D62001F05F2 /* ViewController.swift */; };
		8F7518ED27549D62001F05F2 /* Main.storyboard in Resources */ = {isa = PBXBuildFile; fileRef = 8F7518EB27549D62001F05F2 /* Main.storyboard */; };
		8F7518EF27549D65001F05F2 /* Assets.xcassets in Resources */ = {isa = PBXBuildFile; fileRef = 8F7518EE27549D65001F05F2 /* Assets.xcassets */; };
		8F7518F227549D65001F05F2 /* LaunchScreen.storyboard in Resources */ = {isa = PBXBuildFile; fileRef = 8F7518F027549D65001F05F2 /* LaunchScreen.storyboard */; };
		8FE4B91827549FD1005B617D /* Model.swift in Sources */ = {isa = PBXBuildFile; fileRef = 8FE4B91727549FD1005B617D /* Model.swift */; };
		8FE4B91A2754A009005B617D /* AppSettings.swift in Sources */ = {isa = PBXBuildFile; fileRef = 8FE4B9192754A009005B617D /* AppSettings.swift */; };
		8FE4B91C2754A059005B617D /* Endpoint.swift in Sources */ = {isa = PBXBuildFile; fileRef = 8FE4B91B2754A059005B617D /* Endpoint.swift */; };
		8FE4B91E2754A080005B617D /* RESTClient.swift in Sources */ = {isa = PBXBuildFile; fileRef = 8FE4B91D2754A080005B617D /* RESTClient.swift */; };
		8FE4B9202754A0A8005B617D /* EndpointClient.swift in Sources */ = {isa = PBXBuildFile; fileRef = 8FE4B91F2754A0A8005B617D /* EndpointClient.swift */; };
		8FE4B9222754A0EF005B617D /* EndpointClientError.swift in Sources */ = {isa = PBXBuildFile; fileRef = 8FE4B9212754A0EF005B617D /* EndpointClientError.swift */; };
		8FE4B9242754A118005B617D /* ServerError.swift in Sources */ = {isa = PBXBuildFile; fileRef = 8FE4B9232754A118005B617D /* ServerError.swift */; };
/* End PBXBuildFile section */

/* Begin PBXFileReference section */
		8F7518E227549D62001F05F2 /* URLSessionStartProject.app */ = {isa = PBXFileReference; explicitFileType = wrapper.application; includeInIndex = 0; path = URLSessionStartProject.app; sourceTree = BUILT_PRODUCTS_DIR; };
		8F7518E527549D62001F05F2 /* AppDelegate.swift */ = {isa = PBXFileReference; lastKnownFileType = sourcecode.swift; path = AppDelegate.swift; sourceTree = "<group>"; };
		8F7518E727549D62001F05F2 /* SceneDelegate.swift */ = {isa = PBXFileReference; lastKnownFileType = sourcecode.swift; path = SceneDelegate.swift; sourceTree = "<group>"; };
		8F7518E927549D62001F05F2 /* ViewController.swift */ = {isa = PBXFileReference; lastKnownFileType = sourcecode.swift; path = ViewController.swift; sourceTree = "<group>"; };
		8F7518EC27549D62001F05F2 /* Base */ = {isa = PBXFileReference; lastKnownFileType = file.storyboard; name = Base; path = Base.lproj/Main.storyboard; sourceTree = "<group>"; };
		8F7518EE27549D65001F05F2 /* Assets.xcassets */ = {isa = PBXFileReference; lastKnownFileType = folder.assetcatalog; path = Assets.xcassets; sourceTree = "<group>"; };
		8F7518F127549D65001F05F2 /* Base */ = {isa = PBXFileReference; lastKnownFileType = file.storyboard; name = Base; path = Base.lproj/LaunchScreen.storyboard; sourceTree = "<group>"; };
		8F7518F327549D65001F05F2 /* Info.plist */ = {isa = PBXFileReference; lastKnownFileType = text.plist.xml; path = Info.plist; sourceTree = "<group>"; };
		8FE4B91727549FD1005B617D /* Model.swift */ = {isa = PBXFileReference; lastKnownFileType = sourcecode.swift; path = Model.swift; sourceTree = "<group>"; };
		8FE4B9192754A009005B617D /* AppSettings.swift */ = {isa = PBXFileReference; lastKnownFileType = sourcecode.swift; path = AppSettings.swift; sourceTree = "<group>"; };
		8FE4B91B2754A059005B617D /* Endpoint.swift */ = {isa = PBXFileReference; lastKnownFileType = sourcecode.swift; path = Endpoint.swift; sourceTree = "<group>"; };
		8FE4B91D2754A080005B617D /* RESTClient.swift */ = {isa = PBXFileReference; lastKnownFileType = sourcecode.swift; path = RESTClient.swift; sourceTree = "<group>"; };
		8FE4B91F2754A0A8005B617D /* EndpointClient.swift */ = {isa = PBXFileReference; lastKnownFileType = sourcecode.swift; path = EndpointClient.swift; sourceTree = "<group>"; };
		8FE4B9212754A0EF005B617D /* EndpointClientError.swift */ = {isa = PBXFileReference; lastKnownFileType = sourcecode.swift; path = EndpointClientError.swift; sourceTree = "<group>"; };
		8FE4B9232754A118005B617D /* ServerError.swift */ = {isa = PBXFileReference; lastKnownFileType = sourcecode.swift; path = ServerError.swift; sourceTree = "<group>"; };
/* End PBXFileReference section */

/* Begin PBXFrameworksBuildPhase section */
		8F7518DF27549D62001F05F2 /* Frameworks */ = {
			isa = PBXFrameworksBuildPhase;
			buildActionMask = 2147483647;
			files = (
			);
			runOnlyForDeploymentPostprocessing = 0;
		};
/* End PBXFrameworksBuildPhase section */

/* Begin PBXGroup section */
		8F7518D927549D62001F05F2 = {
			isa = PBXGroup;
			children = (
				8F7518E427549D62001F05F2 /* URLSessionStartProject */,
				8F7518E327549D62001F05F2 /* Products */,
			);
			sourceTree = "<group>";
		};
		8F7518E327549D62001F05F2 /* Products */ = {
			isa = PBXGroup;
			children = (
				8F7518E227549D62001F05F2 /* URLSessionStartProject.app */,
			);
			name = Products;
			sourceTree = "<group>";
		};
		8F7518E427549D62001F05F2 /* URLSessionStartProject */ = {
			isa = PBXGroup;
			children = (
				8F7518E527549D62001F05F2 /* AppDelegate.swift */,
				8F7518E727549D62001F05F2 /* SceneDelegate.swift */,
				8F7518E927549D62001F05F2 /* ViewController.swift */,
				8F7518EB27549D62001F05F2 /* Main.storyboard */,
				8FE4B91727549FD1005B617D /* Model.swift */,
				8FE4B9192754A009005B617D /* AppSettings.swift */,
				8FE4B91B2754A059005B617D /* Endpoint.swift */,
				8FE4B91D2754A080005B617D /* RESTClient.swift */,
				8FE4B91F2754A0A8005B617D /* EndpointClient.swift */,
				8FE4B9212754A0EF005B617D /* EndpointClientError.swift */,
				8FE4B9232754A118005B617D /* ServerError.swift */,
				8F7518EE27549D65001F05F2 /* Assets.xcassets */,
				8F7518F027549D65001F05F2 /* LaunchScreen.storyboard */,
				8F7518F327549D65001F05F2 /* Info.plist */,
			);
			path = URLSessionStartProject;
			sourceTree = "<group>";
		};
/* End PBXGroup section */

/* Begin PBXNativeTarget section */
		8F7518E127549D62001F05F2 /* URLSessionStartProject */ = {
			isa = PBXNativeTarget;
			buildConfigurationList = 8F7518F627549D65001F05F2 /* Build configuration list for PBXNativeTarget "URLSessionStartProject" */;
			buildPhases = (
				8F7518DE27549D62001F05F2 /* Sources */,
				8F7518DF27549D62001F05F2 /* Frameworks */,
				8F7518E027549D62001F05F2 /* Resources */,
			);
			buildRules = (
			);
			dependencies = (
			);
			name = URLSessionStartProject;
			productName = URLSessionStartProject;
			productReference = 8F7518E227549D62001F05F2 /* URLSessionStartProject.app */;
			productType = "com.apple.product-type.application";
		};
/* End PBXNativeTarget section */

/* Begin PBXProject section */
		8F7518DA27549D62001F05F2 /* Project object */ = {
			isa = PBXProject;
			attributes = {
				BuildIndependentTargetsInParallel = 1;
				LastSwiftUpdateCheck = 1310;
				LastUpgradeCheck = 1310;
				TargetAttributes = {
					8F7518E127549D62001F05F2 = {
						CreatedOnToolsVersion = 13.1;
					};
				};
			};
			buildConfigurationList = 8F7518DD27549D62001F05F2 /* Build configuration list for PBXProject "URLSessionStartProject" */;
			compatibilityVersion = "Xcode 13.0";
			developmentRegion = en;
			hasScannedForEncodings = 0;
			knownRegions = (
				en,
				Base,
			);
			mainGroup = 8F7518D927549D62001F05F2;
			productRefGroup = 8F7518E327549D62001F05F2 /* Products */;
			projectDirPath = "";
			projectRoot = "";
			targets = (
				8F7518E127549D62001F05F2 /* URLSessionStartProject */,
			);
		};
/* End PBXProject section */

/* Begin PBXResourcesBuildPhase section */
		8F7518E027549D62001F05F2 /* Resources */ = {
			isa = PBXResourcesBuildPhase;
			buildActionMask = 2147483647;
			files = (
				8F7518F227549D65001F05F2 /* LaunchScreen.storyboard in Resources */,
				8F7518EF27549D65001F05F2 /* Assets.xcassets in Resources */,
				8F7518ED27549D62001F05F2 /* Main.storyboard in Resources */,
			);
			runOnlyForDeploymentPostprocessing = 0;
		};
/* End PBXResourcesBuildPhase section */

/* Begin PBXSourcesBuildPhase section */
		8F7518DE27549D62001F05F2 /* Sources */ = {
			isa = PBXSourcesBuildPhase;
			buildActionMask = 2147483647;
			files = (
				8F7518EA27549D62001F05F2 /* ViewController.swift in Sources */,
				8F7518E627549D62001F05F2 /* AppDelegate.swift in Sources */,
				8FE4B91E2754A080005B617D /* RESTClient.swift in Sources */,
				8FE4B9222754A0EF005B617D /* EndpointClientError.swift in Sources */,
				8F7518E827549D62001F05F2 /* SceneDelegate.swift in Sources */,
				8FE4B9242754A118005B617D /* ServerError.swift in Sources */,
				8FE4B91A2754A009005B617D /* AppSettings.swift in Sources */,
				8FE4B91C2754A059005B617D /* Endpoint.swift in Sources */,
				8FE4B91827549FD1005B617D /* Model.swift in Sources */,
				8FE4B9202754A0A8005B617D /* EndpointClient.swift in Sources */,
			);
			runOnlyForDeploymentPostprocessing = 0;
		};
/* End PBXSourcesBuildPhase section */

/* Begin PBXVariantGroup section */
		8F7518EB27549D62001F05F2 /* Main.storyboard */ = {
			isa = PBXVariantGroup;
			children = (
				8F7518EC27549D62001F05F2 /* Base */,
			);
			name = Main.storyboard;
			sourceTree = "<group>";
		};
		8F7518F027549D65001F05F2 /* LaunchScreen.storyboard */ = {
			isa = PBXVariantGroup;
			children = (
				8F7518F127549D65001F05F2 /* Base */,
			);
			name = LaunchScreen.storyboard;
			sourceTree = "<group>";
		};
/* End PBXVariantGroup section */

/* Begin XCBuildConfiguration section */
		8F7518F427549D65001F05F2 /* Debug */ = {
			isa = XCBuildConfiguration;
			buildSettings = {
				ALWAYS_SEARCH_USER_PATHS = NO;
				CLANG_ANALYZER_NONNULL = YES;
				CLANG_ANALYZER_NUMBER_OBJECT_CONVERSION = YES_AGGRESSIVE;
				CLANG_CXX_LANGUAGE_STANDARD = "gnu++17";
				CLANG_CXX_LIBRARY = "libc++";
				CLANG_ENABLE_MODULES = YES;
				CLANG_ENABLE_OBJC_ARC = YES;
				CLANG_ENABLE_OBJC_WEAK = YES;
				CLANG_WARN_BLOCK_CAPTURE_AUTORELEASING = YES;
				CLANG_WARN_BOOL_CONVERSION = YES;
				CLANG_WARN_COMMA = YES;
				CLANG_WARN_CONSTANT_CONVERSION = YES;
				CLANG_WARN_DEPRECATED_OBJC_IMPLEMENTATIONS = YES;
				CLANG_WARN_DIRECT_OBJC_ISA_USAGE = YES_ERROR;
				CLANG_WARN_DOCUMENTATION_COMMENTS = YES;
				CLANG_WARN_EMPTY_BODY = YES;
				CLANG_WARN_ENUM_CONVERSION = YES;
				CLANG_WARN_INFINITE_RECURSION = YES;
				CLANG_WARN_INT_CONVERSION = YES;
				CLANG_WARN_NON_LITERAL_NULL_CONVERSION = YES;
				CLANG_WARN_OBJC_IMPLICIT_RETAIN_SELF = YES;
				CLANG_WARN_OBJC_LITERAL_CONVERSION = YES;
				CLANG_WARN_OBJC_ROOT_CLASS = YES_ERROR;
				CLANG_WARN_QUOTED_INCLUDE_IN_FRAMEWORK_HEADER = YES;
				CLANG_WARN_RANGE_LOOP_ANALYSIS = YES;
				CLANG_WARN_STRICT_PROTOTYPES = YES;
				CLANG_WARN_SUSPICIOUS_MOVE = YES;
				CLANG_WARN_UNGUARDED_AVAILABILITY = YES_AGGRESSIVE;
				CLANG_WARN_UNREACHABLE_CODE = YES;
				CLANG_WARN__DUPLICATE_METHOD_MATCH = YES;
				COPY_PHASE_STRIP = NO;
				DEBUG_INFORMATION_FORMAT = dwarf;
				ENABLE_STRICT_OBJC_MSGSEND = YES;
				ENABLE_TESTABILITY = YES;
				GCC_C_LANGUAGE_STANDARD = gnu11;
				GCC_DYNAMIC_NO_PIC = NO;
				GCC_NO_COMMON_BLOCKS = YES;
				GCC_OPTIMIZATION_LEVEL = 0;
				GCC_PREPROCESSOR_DEFINITIONS = (
					"DEBUG=1",
					"$(inherited)",
				);
				GCC_WARN_64_TO_32_BIT_CONVERSION = YES;
				GCC_WARN_ABOUT_RETURN_TYPE = YES_ERROR;
				GCC_WARN_UNDECLARED_SELECTOR = YES;
				GCC_WARN_UNINITIALIZED_AUTOS = YES_AGGRESSIVE;
				GCC_WARN_UNUSED_FUNCTION = YES;
				GCC_WARN_UNUSED_VARIABLE = YES;
				IPHONEOS_DEPLOYMENT_TARGET = 15.0;
				MTL_ENABLE_DEBUG_INFO = INCLUDE_SOURCE;
				MTL_FAST_MATH = YES;
				ONLY_ACTIVE_ARCH = YES;
				SDKROOT = iphoneos;
				SWIFT_ACTIVE_COMPILATION_CONDITIONS = DEBUG;
				SWIFT_OPTIMIZATION_LEVEL = "-Onone";
			};
			name = Debug;
		};
		8F7518F527549D65001F05F2 /* Release */ = {
			isa = XCBuildConfiguration;
			buildSettings = {
				ALWAYS_SEARCH_USER_PATHS = NO;
				CLANG_ANALYZER_NONNULL = YES;
				CLANG_ANALYZER_NUMBER_OBJECT_CONVERSION = YES_AGGRESSIVE;
				CLANG_CXX_LANGUAGE_STANDARD = "gnu++17";
				CLANG_CXX_LIBRARY = "libc++";
				CLANG_ENABLE_MODULES = YES;
				CLANG_ENABLE_OBJC_ARC = YES;
				CLANG_ENABLE_OBJC_WEAK = YES;
				CLANG_WARN_BLOCK_CAPTURE_AUTORELEASING = YES;
				CLANG_WARN_BOOL_CONVERSION = YES;
				CLANG_WARN_COMMA = YES;
				CLANG_WARN_CONSTANT_CONVERSION = YES;
				CLANG_WARN_DEPRECATED_OBJC_IMPLEMENTATIONS = YES;
				CLANG_WARN_DIRECT_OBJC_ISA_USAGE = YES_ERROR;
				CLANG_WARN_DOCUMENTATION_COMMENTS = YES;
				CLANG_WARN_EMPTY_BODY = YES;
				CLANG_WARN_ENUM_CONVERSION = YES;
				CLANG_WARN_INFINITE_RECURSION = YES;
				CLANG_WARN_INT_CONVERSION = YES;
				CLANG_WARN_NON_LITERAL_NULL_CONVERSION = YES;
				CLANG_WARN_OBJC_IMPLICIT_RETAIN_SELF = YES;
				CLANG_WARN_OBJC_LITERAL_CONVERSION = YES;
				CLANG_WARN_OBJC_ROOT_CLASS = YES_ERROR;
				CLANG_WARN_QUOTED_INCLUDE_IN_FRAMEWORK_HEADER = YES;
				CLANG_WARN_RANGE_LOOP_ANALYSIS = YES;
				CLANG_WARN_STRICT_PROTOTYPES = YES;
				CLANG_WARN_SUSPICIOUS_MOVE = YES;
				CLANG_WARN_UNGUARDED_AVAILABILITY = YES_AGGRESSIVE;
				CLANG_WARN_UNREACHABLE_CODE = YES;
				CLANG_WARN__DUPLICATE_METHOD_MATCH = YES;
				COPY_PHASE_STRIP = NO;
				DEBUG_INFORMATION_FORMAT = "dwarf-with-dsym";
				ENABLE_NS_ASSERTIONS = NO;
				ENABLE_STRICT_OBJC_MSGSEND = YES;
				GCC_C_LANGUAGE_STANDARD = gnu11;
				GCC_NO_COMMON_BLOCKS = YES;
				GCC_WARN_64_TO_32_BIT_CONVERSION = YES;
				GCC_WARN_ABOUT_RETURN_TYPE = YES_ERROR;
				GCC_WARN_UNDECLARED_SELECTOR = YES;
				GCC_WARN_UNINITIALIZED_AUTOS = YES_AGGRESSIVE;
				GCC_WARN_UNUSED_FUNCTION = YES;
				GCC_WARN_UNUSED_VARIABLE = YES;
				IPHONEOS_DEPLOYMENT_TARGET = 15.0;
				MTL_ENABLE_DEBUG_INFO = NO;
				MTL_FAST_MATH = YES;
				SDKROOT = iphoneos;
				SWIFT_COMPILATION_MODE = wholemodule;
				SWIFT_OPTIMIZATION_LEVEL = "-O";
				VALIDATE_PRODUCT = YES;
			};
			name = Release;
		};
		8F7518F727549D65001F05F2 /* Debug */ = {
			isa = XCBuildConfiguration;
			buildSettings = {
				ASSETCATALOG_COMPILER_APPICON_NAME = AppIcon;
				ASSETCATALOG_COMPILER_GLOBAL_ACCENT_COLOR_NAME = AccentColor;
				CODE_SIGN_STYLE = Automatic;
				CURRENT_PROJECT_VERSION = 1;
				DEVELOPMENT_TEAM = LH4VV96A9U;
				GENERATE_INFOPLIST_FILE = YES;
				INFOPLIST_FILE = URLSessionStartProject/Info.plist;
				INFOPLIST_KEY_UIApplicationSupportsIndirectInputEvents = YES;
				INFOPLIST_KEY_UILaunchStoryboardName = LaunchScreen;
				INFOPLIST_KEY_UIMainStoryboardFile = Main;
				INFOPLIST_KEY_UISupportedInterfaceOrientations_iPad = "UIInterfaceOrientationPortrait UIInterfaceOrientationPortraitUpsideDown UIInterfaceOrientationLandscapeLeft UIInterfaceOrientationLandscapeRight";
				INFOPLIST_KEY_UISupportedInterfaceOrientations_iPhone = "UIInterfaceOrientationPortrait UIInterfaceOrientationLandscapeLeft UIInterfaceOrientationLandscapeRight";
				LD_RUNPATH_SEARCH_PATHS = (
					"$(inherited)",
					"@executable_path/Frameworks",
				);
				MARKETING_VERSION = 1.0;
				PRODUCT_BUNDLE_IDENTIFIER = ultrasonichanterelle.URLSessionStartProject;
				PRODUCT_NAME = "$(TARGET_NAME)";
				SWIFT_EMIT_LOC_STRINGS = YES;
				SWIFT_VERSION = 5.0;
				TARGETED_DEVICE_FAMILY = "1,2";
			};
			name = Debug;
		};
		8F7518F827549D65001F05F2 /* Release */ = {
			isa = XCBuildConfiguration;
			buildSettings = {
				ASSETCATALOG_COMPILER_APPICON_NAME = AppIcon;
				ASSETCATALOG_COMPILER_GLOBAL_ACCENT_COLOR_NAME = AccentColor;
				CODE_SIGN_STYLE = Automatic;
				CURRENT_PROJECT_VERSION = 1;
				DEVELOPMENT_TEAM = LH4VV96A9U;
				GENERATE_INFOPLIST_FILE = YES;
				INFOPLIST_FILE = URLSessionStartProject/Info.plist;
				INFOPLIST_KEY_UIApplicationSupportsIndirectInputEvents = YES;
				INFOPLIST_KEY_UILaunchStoryboardName = LaunchScreen;
				INFOPLIST_KEY_UIMainStoryboardFile = Main;
				INFOPLIST_KEY_UISupportedInterfaceOrientations_iPad = "UIInterfaceOrientationPortrait UIInterfaceOrientationPortraitUpsideDown UIInterfaceOrientationLandscapeLeft UIInterfaceOrientationLandscapeRight";
				INFOPLIST_KEY_UISupportedInterfaceOrientations_iPhone = "UIInterfaceOrientationPortrait UIInterfaceOrientationLandscapeLeft UIInterfaceOrientationLandscapeRight";
				LD_RUNPATH_SEARCH_PATHS = (
					"$(inherited)",
					"@executable_path/Frameworks",
				);
				MARKETING_VERSION = 1.0;
				PRODUCT_BUNDLE_IDENTIFIER = ultrasonichanterelle.URLSessionStartProject;
				PRODUCT_NAME = "$(TARGET_NAME)";
				SWIFT_EMIT_LOC_STRINGS = YES;
				SWIFT_VERSION = 5.0;
				TARGETED_DEVICE_FAMILY = "1,2";
			};
			name = Release;
		};
/* End XCBuildConfiguration section */

/* Begin XCConfigurationList section */
		8F7518DD27549D62001F05F2 /* Build configuration list for PBXProject "URLSessionStartProject" */ = {
			isa = XCConfigurationList;
			buildConfigurations = (
				8F7518F427549D65001F05F2 /* Debug */,
				8F7518F527549D65001F05F2 /* Release */,
			);
			defaultConfigurationIsVisible = 0;
			defaultConfigurationName = Release;
		};
		8F7518F627549D65001F05F2 /* Build configuration list for PBXNativeTarget "URLSessionStartProject" */ = {
			isa = XCConfigurationList;
			buildConfigurations = (
				8F7518F727549D65001F05F2 /* Debug */,
				8F7518F827549D65001F05F2 /* Release */,
			);
			defaultConfigurationIsVisible = 0;
			defaultConfigurationName = Release;
		};
/* End XCConfigurationList section */
	};
	rootObject = 8F7518DA27549D62001F05F2 /* Project object */;
}
